<?xml version="1.0" encoding="utf-8"?>
<Project ToolsVersion="4.0" xmlns="http://schemas.microsoft.com/developer/msbuild/2003">
  <ItemGroup>
    <Filter Include="Source Files">
      <UniqueIdentifier>{4FC737F1-C7A5-4376-A066-2A32D752A2FF}</UniqueIdentifier>
      <Extensions>cpp;c;cc;cxx;def;odl;idl;hpj;bat;asm;asmx</Extensions>
    </Filter>
    <Filter Include="Header Files">
      <UniqueIdentifier>{93995380-89BD-4b04-88EB-625FBE52EBFB}</UniqueIdentifier>
      <Extensions>h;hpp;hxx;hm;inl;inc;xsd</Extensions>
    </Filter>
    <Filter Include="Resource Files">
      <UniqueIdentifier>{67DA6AB6-F800-4c08-8B7A-83BB121AAD01}</UniqueIdentifier>
      <Extensions>rc;ico;cur;bmp;dlg;rc2;rct;bin;rgs;gif;jpg;jpeg;jpe;resx;tiff;tif;png;wav;mfcribbon-ms</Extensions>
    </Filter>
  </ItemGroup>
  <ItemGroup>
    <ClInclude Include="stdafx.h">
      <Filter>Header Files</Filter>
    </ClInclude>
    <ClInclude Include="targetver.h">
      <Filter>Header Files</Filter>
    </ClInclude>
    <ClInclude Include="main.h">
      <Filter>Header Files</Filter>
    </ClInclude>
    <ClInclude Include="SDK\CHeaders\Widgets\XPStandardWidgets.h">
      <Filter>Header Files</Filter>
    </ClInclude>
    <ClInclude Include="SDK\CHeaders\Widgets\XPUIGraphics.h">
      <Filter>Header Files</Filter>
    </ClInclude>
    <ClInclude Include="SDK\CHeaders\Widgets\XPWidgetDefs.h">
      <Filter>Header Files</Filter>
    </ClInclude>
    <ClInclude Include="SDK\CHeaders\Widgets\XPWidgets.h">
      <Filter>Header Files</Filter>
    </ClInclude>
    <ClInclude Include="SDK\CHeaders\Widgets\XPWidgetsEx.h">
      <Filter>Header Files</Filter>
    </ClInclude>
    <ClInclude Include="SDK\CHeaders\Widgets\XPWidgetUtils.h">
      <Filter>Header Files</Filter>
    </ClInclude>
    <ClInclude Include="SDK\CHeaders\Wrappers\XPCBroadcaster.h">
      <Filter>Header Files</Filter>
    </ClInclude>
    <ClInclude Include="SDK\CHeaders\Wrappers\XPCDisplay.h">
      <Filter>Header Files</Filter>
    </ClInclude>
    <ClInclude Include="SDK\CHeaders\Wrappers\XPCListener.h">
      <Filter>Header Files</Filter>
    </ClInclude>
    <ClInclude Include="SDK\CHeaders\Wrappers\XPCProcessing.h">
      <Filter>Header Files</Filter>
    </ClInclude>
    <ClInclude Include="SDK\CHeaders\Wrappers\XPCWidget.h">
      <Filter>Header Files</Filter>
    </ClInclude>
    <ClInclude Include="SDK\CHeaders\Wrappers\XPCWidgetAttachments.h">
      <Filter>Header Files</Filter>
    </ClInclude>
    <ClInclude Include="SDK\CHeaders\XPLM\XPLMCamera.h">
      <Filter>Header Files</Filter>
    </ClInclude>
    <ClInclude Include="SDK\CHeaders\XPLM\XPLMDataAccess.h">
      <Filter>Header Files</Filter>
    </ClInclude>
    <ClInclude Include="SDK\CHeaders\XPLM\XPLMDefs.h">
      <Filter>Header Files</Filter>
    </ClInclude>
    <ClInclude Include="SDK\CHeaders\XPLM\XPLMDisplay.h">
      <Filter>Header Files</Filter>
    </ClInclude>
    <ClInclude Include="SDK\CHeaders\XPLM\XPLMGraphics.h">
      <Filter>Header Files</Filter>
    </ClInclude>
    <ClInclude Include="SDK\CHeaders\XPLM\XPLMMenus.h">
      <Filter>Header Files</Filter>
    </ClInclude>
    <ClInclude Include="SDK\CHeaders\XPLM\XPLMNavigation.h">
      <Filter>Header Files</Filter>
    </ClInclude>
    <ClInclude Include="SDK\CHeaders\XPLM\XPLMPlanes.h">
      <Filter>Header Files</Filter>
    </ClInclude>
    <ClInclude Include="SDK\CHeaders\XPLM\XPLMPlugin.h">
      <Filter>Header Files</Filter>
    </ClInclude>
    <ClInclude Include="SDK\CHeaders\XPLM\XPLMProcessing.h">
      <Filter>Header Files</Filter>
    </ClInclude>
    <ClInclude Include="SDK\CHeaders\XPLM\XPLMScenery.h">
      <Filter>Header Files</Filter>
    </ClInclude>
    <ClInclude Include="SDK\CHeaders\XPLM\XPLMUtilities.h">
      <Filter>Header Files</Filter>
    </ClInclude>
    <ClInclude Include="rapidjson\error\en.h">
      <Filter>Header Files</Filter>
    </ClInclude>
    <ClInclude Include="rapidjson\error\error.h">
      <Filter>Header Files</Filter>
    </ClInclude>
    <ClInclude Include="rapidjson\internal\dtoa.h">
      <Filter>Header Files</Filter>
    </ClInclude>
    <ClInclude Include="rapidjson\internal\itoa.h">
      <Filter>Header Files</Filter>
    </ClInclude>
    <ClInclude Include="rapidjson\internal\meta.h">
      <Filter>Header Files</Filter>
    </ClInclude>
    <ClInclude Include="rapidjson\internal\pow10.h">
      <Filter>Header Files</Filter>
    </ClInclude>
    <ClInclude Include="rapidjson\internal\stack.h">
      <Filter>Header Files</Filter>
    </ClInclude>
    <ClInclude Include="rapidjson\internal\strfunc.h">
      <Filter>Header Files</Filter>
    </ClInclude>
    <ClInclude Include="rapidjson\msinttypes\inttypes.h">
      <Filter>Header Files</Filter>
    </ClInclude>
    <ClInclude Include="rapidjson\msinttypes\stdint.h">
      <Filter>Header Files</Filter>
    </ClInclude>
    <ClInclude Include="rapidjson\allocators.h">
      <Filter>Header Files</Filter>
    </ClInclude>
    <ClInclude Include="rapidjson\document.h">
      <Filter>Header Files</Filter>
    </ClInclude>
    <ClInclude Include="rapidjson\encodedstream.h">
      <Filter>Header Files</Filter>
    </ClInclude>
    <ClInclude Include="rapidjson\encodings.h">
      <Filter>Header Files</Filter>
    </ClInclude>
    <ClInclude Include="rapidjson\filereadstream.h">
      <Filter>Header Files</Filter>
    </ClInclude>
    <ClInclude Include="rapidjson\filestream.h">
      <Filter>Header Files</Filter>
    </ClInclude>
    <ClInclude Include="rapidjson\filewritestream.h">
      <Filter>Header Files</Filter>
    </ClInclude>
    <ClInclude Include="rapidjson\memorybuffer.h">
      <Filter>Header Files</Filter>
    </ClInclude>
    <ClInclude Include="rapidjson\memorystream.h">
      <Filter>Header Files</Filter>
    </ClInclude>
    <ClInclude Include="rapidjson\prettywriter.h">
      <Filter>Header Files</Filter>
    </ClInclude>
    <ClInclude Include="rapidjson\rapidjson.h">
      <Filter>Header Files</Filter>
    </ClInclude>
    <ClInclude Include="rapidjson\reader.h">
      <Filter>Header Files</Filter>
    </ClInclude>
    <ClInclude Include="rapidjson\stringbuffer.h">
      <Filter>Header Files</Filter>
    </ClInclude>
    <ClInclude Include="rapidjson\writer.h">
      <Filter>Header Files</Filter>
    </ClInclude>
    <ClInclude Include="mongoose\mongoose.h">
      <Filter>Header Files</Filter>
    </ClInclude>
  </ItemGroup>
  <ItemGroup>
    <ClCompile Include="stdafx.cpp">
      <Filter>Source Files</Filter>
    </ClCompile>
    <ClCompile Include="dllmain.cpp">
      <Filter>Source Files</Filter>
    </ClCompile>
    <ClCompile Include="main.cpp">
      <Filter>Source Files</Filter>
    </ClCompile>
    <ClCompile Include="SDK\CHeaders\Widgets\XPListBox.cpp">
      <Filter>Source Files</Filter>
    </ClCompile>
    <ClCompile Include="SDK\CHeaders\Widgets\XPPopups.cpp">
      <Filter>Source Files</Filter>
    </ClCompile>
    <ClCompile Include="SDK\CHeaders\Wrappers\XPCBroadcaster.cpp">
      <Filter>Source Files</Filter>
    </ClCompile>
    <ClCompile Include="SDK\CHeaders\Wrappers\XPCDisplay.cpp">
      <Filter>Source Files</Filter>
    </ClCompile>
    <ClCompile Include="SDK\CHeaders\Wrappers\XPCListener.cpp">
      <Filter>Source Files</Filter>
    </ClCompile>
    <ClCompile Include="SDK\CHeaders\Wrappers\XPCProcessing.cpp">
      <Filter>Source Files</Filter>
    </ClCompile>
    <ClCompile Include="SDK\CHeaders\Wrappers\XPCWidget.cpp">
      <Filter>Source Files</Filter>
    </ClCompile>
    <ClCompile Include="SDK\CHeaders\Wrappers\XPCWidgetAttachments.cpp">
      <Filter>Source Files</Filter>
    </ClCompile>
    <ClCompile Include="mongoose\mongoose.c">
      <Filter>Source Files</Filter>
    </ClCompile>
  </ItemGroup>
  <ItemGroup>
    <Library Include="SDK\Libraries\Win\XPLM.lib" />
    <Library Include="SDK\Libraries\Win\XPWidgets_64.lib" />
    <Library Include="SDK\Libraries\Win\XPLM_64.lib" />
    <Library Include="SDK\Libraries\Win\XPWidgets.lib" />
  </ItemGroup>
</Project>